
Microsoft Visual Studio Solution File, Format Version 12.00
# Visual Studio Version 17
VisualStudioVersion = 17.10.34916.146
MinimumVisualStudioVersion = 10.0.40219.1
Project("{FAE04EC0-301F-11D3-BF4B-00C04F79EFBC}") = "SignalRServerExample", "SignalRServerExample\SignalRServerExample.csproj", "{5A6C0C61-0B8E-4CD8-A8A4-289DA90EF502}"
EndProject
Global
	GlobalSection(SolutionConfigurationPlatforms) = preSolution
		Debug|Any CPU = Debug|Any CPU
		Release|Any CPU = Release|Any CPU
	EndGlobalSection
	GlobalSection(ProjectConfigurationPlatforms) = postSolution
		{5A6C0C61-0B8E-4CD8-A8A4-289DA90EF502}.Debug|Any CPU.ActiveCfg = Debug|Any CPU
		{5A6C0C61-0B8E-4CD8-A8A4-289DA90EF502}.Debug|Any CPU.Build.0 = Debug|Any CPU
		{5A6C0C61-0B8E-4CD8-A8A4-289DA90EF502}.Release|Any CPU.ActiveCfg = Release|Any CPU
		{5A6C0C61-0B8E-4CD8-A8A4-289DA90EF502}.Release|Any CPU.Build.0 = Release|Any CPU
	EndGlobalSection
	GlobalSection(SolutionProperties) = preSolution
		HideSolutionNode = FALSE
	EndGlobalSection
	GlobalSection(ExtensibilityGlobals) = postSolution
		SolutionGuid = {A4C21F4A-5272-4DE7-B235-9F0C133F2EDA}
	EndGlobalSection
EndGlobal
